
Microsoft Visual Studio Solution File, Format Version 12.00
# Visual Studio Version 16
VisualStudioVersion = 16.0.28803.452
MinimumVisualStudioVersion = 10.0.40219.1
Project("{FAE04EC0-301F-11D3-BF4B-00C04F79EFBC}") = "Calculator", "Calculator\Calculator.csproj", "{E57A0A84-2611-432D-A357-B6A8E49596AF}"
EndProject
Global
	GlobalSection(SolutionConfigurationPlatforms) = preSolution
		Debug|Any CPU = Debug|Any CPU
		Release|Any CPU = Release|Any CPU
	EndGlobalSection
	GlobalSection(ProjectConfigurationPlatforms) = postSolution
		{E57A0A84-2611-432D-A357-B6A8E49596AF}.Debug|Any CPU.ActiveCfg = Debug|Any CPU
		{E57A0A84-2611-432D-A357-B6A8E49596AF}.Debug|Any CPU.Build.0 = Debug|Any CPU
		{E57A0A84-2611-432D-A357-B6A8E49596AF}.Release|Any CPU.ActiveCfg = Release|Any CPU
		{E57A0A84-2611-432D-A357-B6A8E49596AF}.Release|Any CPU.Build.0 = Release|Any CPU
	EndGlobalSection
	GlobalSection(SolutionProperties) = preSolution
		HideSolutionNode = FALSE
	EndGlobalSection
	GlobalSection(ExtensibilityGlobals) = postSolution
		SolutionGuid = {71D2C65A-98A4-4730-94D2-1B5CF084A724}
	EndGlobalSection
EndGlobal
