
Microsoft Visual Studio Solution File, Format Version 12.00
# Visual Studio Version 16
VisualStudioVersion = 16.0.29503.13
MinimumVisualStudioVersion = 10.0.40219.1
Project("{9A19103F-16F7-4668-BE54-9A1E7A4F7556}") = "Hometask", "Array\Hometask.csproj", "{0CAA064E-B511-40C6-9AA9-230C2433047C}"
EndProject
Global
	GlobalSection(SolutionConfigurationPlatforms) = preSolution
		Debug|Any CPU = Debug|Any CPU
		Release|Any CPU = Release|Any CPU
	EndGlobalSection
	GlobalSection(ProjectConfigurationPlatforms) = postSolution
		{0CAA064E-B511-40C6-9AA9-230C2433047C}.Debug|Any CPU.ActiveCfg = Debug|Any CPU
		{0CAA064E-B511-40C6-9AA9-230C2433047C}.Debug|Any CPU.Build.0 = Debug|Any CPU
		{0CAA064E-B511-40C6-9AA9-230C2433047C}.Release|Any CPU.ActiveCfg = Release|Any CPU
		{0CAA064E-B511-40C6-9AA9-230C2433047C}.Release|Any CPU.Build.0 = Release|Any CPU
	EndGlobalSection
	GlobalSection(SolutionProperties) = preSolution
		HideSolutionNode = FALSE
	EndGlobalSection
	GlobalSection(ExtensibilityGlobals) = postSolution
		SolutionGuid = {3554AA13-3E84-406F-8EDC-41D1996E9D02}
	EndGlobalSection
EndGlobal
