
Microsoft Visual Studio Solution File, Format Version 12.00
# Visual Studio Version 16
VisualStudioVersion = 16.0.29503.13
MinimumVisualStudioVersion = 10.0.40219.1
Project("{FAE04EC0-301F-11D3-BF4B-00C04F79EFBC}") = "database_task", "database_task\database_task.csproj", "{DD923622-2308-44E9-99BE-A724366318BA}"
EndProject
Global
	GlobalSection(SolutionConfigurationPlatforms) = preSolution
		Debug|Any CPU = Debug|Any CPU
		Release|Any CPU = Release|Any CPU
	EndGlobalSection
	GlobalSection(ProjectConfigurationPlatforms) = postSolution
		{DD923622-2308-44E9-99BE-A724366318BA}.Debug|Any CPU.ActiveCfg = Debug|Any CPU
		{DD923622-2308-44E9-99BE-A724366318BA}.Debug|Any CPU.Build.0 = Debug|Any CPU
		{DD923622-2308-44E9-99BE-A724366318BA}.Release|Any CPU.ActiveCfg = Release|Any CPU
		{DD923622-2308-44E9-99BE-A724366318BA}.Release|Any CPU.Build.0 = Release|Any CPU
	EndGlobalSection
	GlobalSection(SolutionProperties) = preSolution
		HideSolutionNode = FALSE
	EndGlobalSection
	GlobalSection(ExtensibilityGlobals) = postSolution
		SolutionGuid = {4F8CD540-30C7-4095-B3D3-796674C57C68}
	EndGlobalSection
EndGlobal
